
Microsoft Visual Studio Solution File, Format Version 12.00
# Visual Studio 15
Project("{FAE04EC0-301F-11D3-BF4B-00C04F79EFBC}") = "RT.AOC2019.CMD", "RT.AOC2019.CMD\RT.AOC2019.CMD.csproj", "{91C3AA09-B3E9-4504-9119-99F1EEE03650}"
EndProject
Global
	GlobalSection(SolutionConfigurationPlatforms) = preSolution
		Debug|Any CPU = Debug|Any CPU
		Release|Any CPU = Release|Any CPU
	EndGlobalSection
	GlobalSection(ProjectConfigurationPlatforms) = postSolution
		{91C3AA09-B3E9-4504-9119-99F1EEE03650}.Debug|Any CPU.ActiveCfg = Debug|Any CPU
		{91C3AA09-B3E9-4504-9119-99F1EEE03650}.Debug|Any CPU.Build.0 = Debug|Any CPU
		{91C3AA09-B3E9-4504-9119-99F1EEE03650}.Release|Any CPU.ActiveCfg = Release|Any CPU
		{91C3AA09-B3E9-4504-9119-99F1EEE03650}.Release|Any CPU.Build.0 = Release|Any CPU
	EndGlobalSection
EndGlobal
